
Microsoft Visual Studio Solution File, Format Version 12.00
# Visual Studio Version 17
VisualStudioVersion = 17.10.35027.167
MinimumVisualStudioVersion = 10.0.40219.1
Project("{FAE04EC0-301F-11D3-BF4B-00C04F79EFBC}") = "LiveChat", "LiveChat\LiveChat.csproj", "{C806C47C-5B55-43FC-A5A8-16A08FF6C267}"
EndProject
Global
	GlobalSection(SolutionConfigurationPlatforms) = preSolution
		Debug|Any CPU = Debug|Any CPU
		Release|Any CPU = Release|Any CPU
	EndGlobalSection
	GlobalSection(ProjectConfigurationPlatforms) = postSolution
		{C806C47C-5B55-43FC-A5A8-16A08FF6C267}.Debug|Any CPU.ActiveCfg = Debug|Any CPU
		{C806C47C-5B55-43FC-A5A8-16A08FF6C267}.Debug|Any CPU.Build.0 = Debug|Any CPU
		{C806C47C-5B55-43FC-A5A8-16A08FF6C267}.Release|Any CPU.ActiveCfg = Release|Any CPU
		{C806C47C-5B55-43FC-A5A8-16A08FF6C267}.Release|Any CPU.Build.0 = Release|Any CPU
	EndGlobalSection
	GlobalSection(SolutionProperties) = preSolution
		HideSolutionNode = FALSE
	EndGlobalSection
	GlobalSection(ExtensibilityGlobals) = postSolution
		SolutionGuid = {28B747B9-D497-4F78-9D88-564AD3BC19E9}
	EndGlobalSection
EndGlobal
